// !$*UTF8*$!
{
	archiveVersion = 1;
	classes = {
	};
	objectVersion = 46;
	objects = {

/* Begin PBXBuildFile section */
		1210AF9419F05F4900BBAC4B /* main.m in Sources */ = {isa = PBXBuildFile; fileRef = 1210AF9319F05F4900BBAC4B /* main.m */; };
		1210AF9719F05F4900BBAC4B /* AppDelegate.m in Sources */ = {isa = PBXBuildFile; fileRef = 1210AF9619F05F4900BBAC4B /* AppDelegate.m */; };
		1210AF9A19F05F4900BBAC4B /* RootViewController.m in Sources */ = {isa = PBXBuildFile; fileRef = 1210AF9919F05F4900BBAC4B /* RootViewController.m */; };
		1210AF9D19F05F4900BBAC4B /* Main.storyboard in Resources */ = {isa = PBXBuildFile; fileRef = 1210AF9B19F05F4900BBAC4B /* Main.storyboard */; };
		1210AF9F19F05F4900BBAC4B /* Images.xcassets in Resources */ = {isa = PBXBuildFile; fileRef = 1210AF9E19F05F4900BBAC4B /* Images.xcassets */; };
		1210AFA219F05F4900BBAC4B /* LaunchScreen.xib in Resources */ = {isa = PBXBuildFile; fileRef = 1210AFA019F05F4900BBAC4B /* LaunchScreen.xib */; };
		1210AFAE19F05F4A00BBAC4B /* FavoritePhotosTests.m in Sources */ = {isa = PBXBuildFile; fileRef = 1210AFAD19F05F4A00BBAC4B /* FavoritePhotosTests.m */; };
		1210AFB919F08C0000BBAC4B /* PhotoInfo.m in Sources */ = {isa = PBXBuildFile; fileRef = 1210AFB819F08C0000BBAC4B /* PhotoInfo.m */; };
		1210AFBC19F08C6700BBAC4B /* PhotoImage.m in Sources */ = {isa = PBXBuildFile; fileRef = 1210AFBB19F08C6700BBAC4B /* PhotoImage.m */; };
		1239381D19F33E3E00C72F6C /* FavoritesCollectionViewController.m in Sources */ = {isa = PBXBuildFile; fileRef = 1239381C19F33E3E00C72F6C /* FavoritesCollectionViewController.m */; };
		128B73A219F1F7C30000060F /* ImageCollectionViewCell.m in Sources */ = {isa = PBXBuildFile; fileRef = 128B73A119F1F7C30000060F /* ImageCollectionViewCell.m */; };
/* End PBXBuildFile section */

/* Begin PBXContainerItemProxy section */
		1210AFA819F05F4A00BBAC4B /* PBXContainerItemProxy */ = {
			isa = PBXContainerItemProxy;
			containerPortal = 1210AF8619F05F4900BBAC4B /* Project object */;
			proxyType = 1;
			remoteGlobalIDString = 1210AF8D19F05F4900BBAC4B;
			remoteInfo = FavoritePhotos;
		};
/* End PBXContainerItemProxy section */

/* Begin PBXFileReference section */
		1210AF8E19F05F4900BBAC4B /* FavoritePhotos.app */ = {isa = PBXFileReference; explicitFileType = wrapper.application; includeInIndex = 0; path = FavoritePhotos.app; sourceTree = BUILT_PRODUCTS_DIR; };
		1210AF9219F05F4900BBAC4B /* Info.plist */ = {isa = PBXFileReference; lastKnownFileType = text.plist.xml; path = Info.plist; sourceTree = "<group>"; };
		1210AF9319F05F4900BBAC4B /* main.m */ = {isa = PBXFileReference; lastKnownFileType = sourcecode.c.objc; path = main.m; sourceTree = "<group>"; };
		1210AF9519F05F4900BBAC4B /* AppDelegate.h */ = {isa = PBXFileReference; lastKnownFileType = sourcecode.c.h; path = AppDelegate.h; sourceTree = "<group>"; };
		1210AF9619F05F4900BBAC4B /* AppDelegate.m */ = {isa = PBXFileReference; lastKnownFileType = sourcecode.c.objc; path = AppDelegate.m; sourceTree = "<group>"; };
		1210AF9819F05F4900BBAC4B /* RootViewController.h */ = {isa = PBXFileReference; lastKnownFileType = sourcecode.c.h; path = RootViewController.h; sourceTree = "<group>"; };
		1210AF9919F05F4900BBAC4B /* RootViewController.m */ = {isa = PBXFileReference; lastKnownFileType = sourcecode.c.objc; path = RootViewController.m; sourceTree = "<group>"; };
		1210AF9C19F05F4900BBAC4B /* Base */ = {isa = PBXFileReference; lastKnownFileType = file.storyboard; name = Base; path = Base.lproj/Main.storyboard; sourceTree = "<group>"; };
		1210AF9E19F05F4900BBAC4B /* Images.xcassets */ = {isa = PBXFileReference; lastKnownFileType = folder.assetcatalog; path = Images.xcassets; sourceTree = "<group>"; };
		1210AFA119F05F4900BBAC4B /* Base */ = {isa = PBXFileReference; lastKnownFileType = file.xib; name = Base; path = Base.lproj/LaunchScreen.xib; sourceTree = "<group>"; };
		1210AFA719F05F4A00BBAC4B /* FavoritePhotosTests.xctest */ = {isa = PBXFileReference; explicitFileType = wrapper.cfbundle; includeInIndex = 0; path = FavoritePhotosTests.xctest; sourceTree = BUILT_PRODUCTS_DIR; };
		1210AFAC19F05F4A00BBAC4B /* Info.plist */ = {isa = PBXFileReference; lastKnownFileType = text.plist.xml; path = Info.plist; sourceTree = "<group>"; };
		1210AFAD19F05F4A00BBAC4B /* FavoritePhotosTests.m */ = {isa = PBXFileReference; lastKnownFileType = sourcecode.c.objc; path = FavoritePhotosTests.m; sourceTree = "<group>"; };
		1210AFB719F08C0000BBAC4B /* PhotoInfo.h */ = {isa = PBXFileReference; fileEncoding = 4; lastKnownFileType = sourcecode.c.h; path = PhotoInfo.h; sourceTree = "<group>"; };
		1210AFB819F08C0000BBAC4B /* PhotoInfo.m */ = {isa = PBXFileReference; fileEncoding = 4; lastKnownFileType = sourcecode.c.objc; path = PhotoInfo.m; sourceTree = "<group>"; };
		1210AFBA19F08C6700BBAC4B /* PhotoImage.h */ = {isa = PBXFileReference; fileEncoding = 4; lastKnownFileType = sourcecode.c.h; path = PhotoImage.h; sourceTree = "<group>"; };
		1210AFBB19F08C6700BBAC4B /* PhotoImage.m */ = {isa = PBXFileReference; fileEncoding = 4; lastKnownFileType = sourcecode.c.objc; path = PhotoImage.m; sourceTree = "<group>"; };
		1239381B19F33E3E00C72F6C /* FavoritesCollectionViewController.h */ = {isa = PBXFileReference; fileEncoding = 4; lastKnownFileType = sourcecode.c.h; path = FavoritesCollectionViewController.h; sourceTree = "<group>"; };
		1239381C19F33E3E00C72F6C /* FavoritesCollectionViewController.m */ = {isa = PBXFileReference; fileEncoding = 4; lastKnownFileType = sourcecode.c.objc; path = FavoritesCollectionViewController.m; sourceTree = "<group>"; };
		128B73A019F1F7C30000060F /* ImageCollectionViewCell.h */ = {isa = PBXFileReference; fileEncoding = 4; lastKnownFileType = sourcecode.c.h; path = ImageCollectionViewCell.h; sourceTree = "<group>"; };
		128B73A119F1F7C30000060F /* ImageCollectionViewCell.m */ = {isa = PBXFileReference; fileEncoding = 4; lastKnownFileType = sourcecode.c.objc; path = ImageCollectionViewCell.m; sourceTree = "<group>"; };
/* End PBXFileReference section */

/* Begin PBXFrameworksBuildPhase section */
		1210AF8B19F05F4900BBAC4B /* Frameworks */ = {
			isa = PBXFrameworksBuildPhase;
			buildActionMask = 2147483647;
			files = (
			);
			runOnlyForDeploymentPostprocessing = 0;
		};
		1210AFA419F05F4A00BBAC4B /* Frameworks */ = {
			isa = PBXFrameworksBuildPhase;
			buildActionMask = 2147483647;
			files = (
			);
			runOnlyForDeploymentPostprocessing = 0;
		};
/* End PBXFrameworksBuildPhase section */

/* Begin PBXGroup section */
		1210AF8519F05F4900BBAC4B = {
			isa = PBXGroup;
			children = (
				1210AF9019F05F4900BBAC4B /* FavoritePhotos */,
				1210AFAA19F05F4A00BBAC4B /* FavoritePhotosTests */,
				1210AF8F19F05F4900BBAC4B /* Products */,
			);
			sourceTree = "<group>";
		};
		1210AF8F19F05F4900BBAC4B /* Products */ = {
			isa = PBXGroup;
			children = (
				1210AF8E19F05F4900BBAC4B /* FavoritePhotos.app */,
				1210AFA719F05F4A00BBAC4B /* FavoritePhotosTests.xctest */,
			);
			name = Products;
			sourceTree = "<group>";
		};
		1210AF9019F05F4900BBAC4B /* FavoritePhotos */ = {
			isa = PBXGroup;
			children = (
				1210AF9B19F05F4900BBAC4B /* Main.storyboard */,
				1210AF9819F05F4900BBAC4B /* RootViewController.h */,
				1210AF9919F05F4900BBAC4B /* RootViewController.m */,
				128B73A019F1F7C30000060F /* ImageCollectionViewCell.h */,
				128B73A119F1F7C30000060F /* ImageCollectionViewCell.m */,
				1239381B19F33E3E00C72F6C /* FavoritesCollectionViewController.h */,
				1239381C19F33E3E00C72F6C /* FavoritesCollectionViewController.m */,
				1210AFB719F08C0000BBAC4B /* PhotoInfo.h */,
				1210AFB819F08C0000BBAC4B /* PhotoInfo.m */,
				1210AF9E19F05F4900BBAC4B /* Images.xcassets */,
				1210AF9519F05F4900BBAC4B /* AppDelegate.h */,
				1210AF9619F05F4900BBAC4B /* AppDelegate.m */,
				1210AFA019F05F4900BBAC4B /* LaunchScreen.xib */,
				1210AFBA19F08C6700BBAC4B /* PhotoImage.h */,
				1210AFBB19F08C6700BBAC4B /* PhotoImage.m */,
				1210AF9119F05F4900BBAC4B /* Supporting Files */,
			);
			path = FavoritePhotos;
			sourceTree = "<group>";
		};
		1210AF9119F05F4900BBAC4B /* Supporting Files */ = {
			isa = PBXGroup;
			children = (
				1210AF9219F05F4900BBAC4B /* Info.plist */,
				1210AF9319F05F4900BBAC4B /* main.m */,
			);
			name = "Supporting Files";
			sourceTree = "<group>";
		};
		1210AFAA19F05F4A00BBAC4B /* FavoritePhotosTests */ = {
			isa = PBXGroup;
			children = (
				1210AFAD19F05F4A00BBAC4B /* FavoritePhotosTests.m */,
				1210AFAB19F05F4A00BBAC4B /* Supporting Files */,
			);
			path = FavoritePhotosTests;
			sourceTree = "<group>";
		};
		1210AFAB19F05F4A00BBAC4B /* Supporting Files */ = {
			isa = PBXGroup;
			children = (
				1210AFAC19F05F4A00BBAC4B /* Info.plist */,
			);
			name = "Supporting Files";
			sourceTree = "<group>";
		};
/* End PBXGroup section */

/* Begin PBXNativeTarget section */
		1210AF8D19F05F4900BBAC4B /* FavoritePhotos */ = {
			isa = PBXNativeTarget;
			buildConfigurationList = 1210AFB119F05F4A00BBAC4B /* Build configuration list for PBXNativeTarget "FavoritePhotos" */;
			buildPhases = (
				1210AF8A19F05F4900BBAC4B /* Sources */,
				1210AF8B19F05F4900BBAC4B /* Frameworks */,
				1210AF8C19F05F4900BBAC4B /* Resources */,
			);
			buildRules = (
			);
			dependencies = (
			);
			name = FavoritePhotos;
			productName = FavoritePhotos;
			productReference = 1210AF8E19F05F4900BBAC4B /* FavoritePhotos.app */;
			productType = "com.apple.product-type.application";
		};
		1210AFA619F05F4A00BBAC4B /* FavoritePhotosTests */ = {
			isa = PBXNativeTarget;
			buildConfigurationList = 1210AFB419F05F4A00BBAC4B /* Build configuration list for PBXNativeTarget "FavoritePhotosTests" */;
			buildPhases = (
				1210AFA319F05F4A00BBAC4B /* Sources */,
				1210AFA419F05F4A00BBAC4B /* Frameworks */,
				1210AFA519F05F4A00BBAC4B /* Resources */,
			);
			buildRules = (
			);
			dependencies = (
				1210AFA919F05F4A00BBAC4B /* PBXTargetDependency */,
			);
			name = FavoritePhotosTests;
			productName = FavoritePhotosTests;
			productReference = 1210AFA719F05F4A00BBAC4B /* FavoritePhotosTests.xctest */;
			productType = "com.apple.product-type.bundle.unit-test";
		};
/* End PBXNativeTarget section */

/* Begin PBXProject section */
		1210AF8619F05F4900BBAC4B /* Project object */ = {
			isa = PBXProject;
			attributes = {
				LastUpgradeCheck = 0600;
				ORGANIZATIONNAME = "Ryan Siska";
				TargetAttributes = {
					1210AF8D19F05F4900BBAC4B = {
						CreatedOnToolsVersion = 6.0.1;
					};
					1210AFA619F05F4A00BBAC4B = {
						CreatedOnToolsVersion = 6.0.1;
						TestTargetID = 1210AF8D19F05F4900BBAC4B;
					};
				};
			};
			buildConfigurationList = 1210AF8919F05F4900BBAC4B /* Build configuration list for PBXProject "FavoritePhotos" */;
			compatibilityVersion = "Xcode 3.2";
			developmentRegion = English;
			hasScannedForEncodings = 0;
			knownRegions = (
				en,
				Base,
			);
			mainGroup = 1210AF8519F05F4900BBAC4B;
			productRefGroup = 1210AF8F19F05F4900BBAC4B /* Products */;
			projectDirPath = "";
			projectRoot = "";
			targets = (
				1210AF8D19F05F4900BBAC4B /* FavoritePhotos */,
				1210AFA619F05F4A00BBAC4B /* FavoritePhotosTests */,
			);
		};
/* End PBXProject section */

/* Begin PBXResourcesBuildPhase section */
		1210AF8C19F05F4900BBAC4B /* Resources */ = {
			isa = PBXResourcesBuildPhase;
			buildActionMask = 2147483647;
			files = (
				1210AF9D19F05F4900BBAC4B /* Main.storyboard in Resources */,
				1210AFA219F05F4900BBAC4B /* LaunchScreen.xib in Resources */,
				1210AF9F19F05F4900BBAC4B /* Images.xcassets in Resources */,
			);
			runOnlyForDeploymentPostprocessing = 0;
		};
		1210AFA519F05F4A00BBAC4B /* Resources */ = {
			isa = PBXResourcesBuildPhase;
			buildActionMask = 2147483647;
			files = (
			);
			runOnlyForDeploymentPostprocessing = 0;
		};
/* End PBXResourcesBuildPhase section */

/* Begin PBXSourcesBuildPhase section */
		1210AF8A19F05F4900BBAC4B /* Sources */ = {
			isa = PBXSourcesBuildPhase;
			buildActionMask = 2147483647;
			files = (
				1210AFB919F08C0000BBAC4B /* PhotoInfo.m in Sources */,
				1210AF9A19F05F4900BBAC4B /* RootViewController.m in Sources */,
				1210AFBC19F08C6700BBAC4B /* PhotoImage.m in Sources */,
				1210AF9719F05F4900BBAC4B /* AppDelegate.m in Sources */,
				128B73A219F1F7C30000060F /* ImageCollectionViewCell.m in Sources */,
				1210AF9419F05F4900BBAC4B /* main.m in Sources */,
				1239381D19F33E3E00C72F6C /* FavoritesCollectionViewController.m in Sources */,
			);
			runOnlyForDeploymentPostprocessing = 0;
		};
		1210AFA319F05F4A00BBAC4B /* Sources */ = {
			isa = PBXSourcesBuildPhase;
			buildActionMask = 2147483647;
			files = (
				1210AFAE19F05F4A00BBAC4B /* FavoritePhotosTests.m in Sources */,
			);
			runOnlyForDeploymentPostprocessing = 0;
		};
/* End PBXSourcesBuildPhase section */

/* Begin PBXTargetDependency section */
		1210AFA919F05F4A00BBAC4B /* PBXTargetDependency */ = {
			isa = PBXTargetDependency;
			target = 1210AF8D19F05F4900BBAC4B /* FavoritePhotos */;
			targetProxy = 1210AFA819F05F4A00BBAC4B /* PBXContainerItemProxy */;
		};
/* End PBXTargetDependency section */

/* Begin PBXVariantGroup section */
		1210AF9B19F05F4900BBAC4B /* Main.storyboard */ = {
			isa = PBXVariantGroup;
			children = (
				1210AF9C19F05F4900BBAC4B /* Base */,
			);
			name = Main.storyboard;
			sourceTree = "<group>";
		};
		1210AFA019F05F4900BBAC4B /* LaunchScreen.xib */ = {
			isa = PBXVariantGroup;
			children = (
				1210AFA119F05F4900BBAC4B /* Base */,
			);
			name = LaunchScreen.xib;
			sourceTree = "<group>";
		};
/* End PBXVariantGroup section */

/* Begin XCBuildConfiguration section */
		1210AFAF19F05F4A00BBAC4B /* Debug */ = {
			isa = XCBuildConfiguration;
			buildSettings = {
				ALWAYS_SEARCH_USER_PATHS = NO;
				CLANG_CXX_LANGUAGE_STANDARD = "gnu++0x";
				CLANG_CXX_LIBRARY = "libc++";
				CLANG_ENABLE_MODULES = YES;
				CLANG_ENABLE_OBJC_ARC = YES;
				CLANG_WARN_BOOL_CONVERSION = YES;
				CLANG_WARN_CONSTANT_CONVERSION = YES;
				CLANG_WARN_DIRECT_OBJC_ISA_USAGE = YES_ERROR;
				CLANG_WARN_EMPTY_BODY = YES;
				CLANG_WARN_ENUM_CONVERSION = YES;
				CLANG_WARN_INT_CONVERSION = YES;
				CLANG_WARN_OBJC_ROOT_CLASS = YES_ERROR;
				CLANG_WARN_UNREACHABLE_CODE = YES;
				CLANG_WARN__DUPLICATE_METHOD_MATCH = YES;
				"CODE_SIGN_IDENTITY[sdk=iphoneos*]" = "iPhone Developer";
				COPY_PHASE_STRIP = NO;
				ENABLE_STRICT_OBJC_MSGSEND = YES;
				GCC_C_LANGUAGE_STANDARD = gnu99;
				GCC_DYNAMIC_NO_PIC = NO;
				GCC_OPTIMIZATION_LEVEL = 0;
				GCC_PREPROCESSOR_DEFINITIONS = (
					"DEBUG=1",
					"$(inherited)",
				);
				GCC_SYMBOLS_PRIVATE_EXTERN = NO;
				GCC_WARN_64_TO_32_BIT_CONVERSION = YES;
				GCC_WARN_ABOUT_RETURN_TYPE = YES_ERROR;
				GCC_WARN_UNDECLARED_SELECTOR = YES;
				GCC_WARN_UNINITIALIZED_AUTOS = YES_AGGRESSIVE;
				GCC_WARN_UNUSED_FUNCTION = YES;
				GCC_WARN_UNUSED_VARIABLE = YES;
				IPHONEOS_DEPLOYMENT_TARGET = 8.0;
				MTL_ENABLE_DEBUG_INFO = YES;
				ONLY_ACTIVE_ARCH = YES;
				SDKROOT = iphoneos;
			};
			name = Debug;
		};
		1210AFB019F05F4A00BBAC4B /* Release */ = {
			isa = XCBuildConfiguration;
			buildSettings = {
				ALWAYS_SEARCH_USER_PATHS = NO;
				CLANG_CXX_LANGUAGE_STANDARD = "gnu++0x";
				CLANG_CXX_LIBRARY = "libc++";
				CLANG_ENABLE_MODULES = YES;
				CLANG_ENABLE_OBJC_ARC = YES;
				CLANG_WARN_BOOL_CONVERSION = YES;
				CLANG_WARN_CONSTANT_CONVERSION = YES;
				CLANG_WARN_DIRECT_OBJC_ISA_USAGE = YES_ERROR;
				CLANG_WARN_EMPTY_BODY = YES;
				CLANG_WARN_ENUM_CONVERSION = YES;
				CLANG_WARN_INT_CONVERSION = YES;
				CLANG_WARN_OBJC_ROOT_CLASS = YES_ERROR;
				CLANG_WARN_UNREACHABLE_CODE = YES;
				CLANG_WARN__DUPLICATE_METHOD_MATCH = YES;
				"CODE_SIGN_IDENTITY[sdk=iphoneos*]" = "iPhone Developer";
				COPY_PHASE_STRIP = YES;
				ENABLE_NS_ASSERTIONS = NO;
				ENABLE_STRICT_OBJC_MSGSEND = YES;
				GCC_C_LANGUAGE_STANDARD = gnu99;
				GCC_WARN_64_TO_32_BIT_CONVERSION = YES;
				GCC_WARN_ABOUT_RETURN_TYPE = YES_ERROR;
				GCC_WARN_UNDECLARED_SELECTOR = YES;
				GCC_WARN_UNINITIALIZED_AUTOS = YES_AGGRESSIVE;
				GCC_WARN_UNUSED_FUNCTION = YES;
				GCC_WARN_UNUSED_VARIABLE = YES;
				IPHONEOS_DEPLOYMENT_TARGET = 8.0;
				MTL_ENABLE_DEBUG_INFO = NO;
				SDKROOT = iphoneos;
				VALIDATE_PRODUCT = YES;
			};
			name = Release;
		};
		1210AFB219F05F4A00BBAC4B /* Debug */ = {
			isa = XCBuildConfiguration;
			buildSettings = {
				ASSETCATALOG_COMPILER_APPICON_NAME = AppIcon;
				INFOPLIST_FILE = FavoritePhotos/Info.plist;
				LD_RUNPATH_SEARCH_PATHS = "$(inherited) @executable_path/Frameworks";
				PRODUCT_NAME = "$(TARGET_NAME)";
			};
			name = Debug;
		};
		1210AFB319F05F4A00BBAC4B /* Release */ = {
			isa = XCBuildConfiguration;
			buildSettings = {
				ASSETCATALOG_COMPILER_APPICON_NAME = AppIcon;
				INFOPLIST_FILE = FavoritePhotos/Info.plist;
				LD_RUNPATH_SEARCH_PATHS = "$(inherited) @executable_path/Frameworks";
				PRODUCT_NAME = "$(TARGET_NAME)";
			};
			name = Release;
		};
		1210AFB519F05F4A00BBAC4B /* Debug */ = {
			isa = XCBuildConfiguration;
			buildSettings = {
				BUNDLE_LOADER = "$(TEST_HOST)";
				FRAMEWORK_SEARCH_PATHS = (
					"$(SDKROOT)/Developer/Library/Frameworks",
					"$(inherited)",
				);
				GCC_PREPROCESSOR_DEFINITIONS = (
					"DEBUG=1",
					"$(inherited)",
				);
				INFOPLIST_FILE = FavoritePhotosTests/Info.plist;
				LD_RUNPATH_SEARCH_PATHS = "$(inherited) @executable_path/Frameworks @loader_path/Frameworks";
				PRODUCT_NAME = "$(TARGET_NAME)";
				TEST_HOST = "$(BUILT_PRODUCTS_DIR)/FavoritePhotos.app/FavoritePhotos";
			};
			name = Debug;
		};
		1210AFB619F05F4A00BBAC4B /* Release */ = {
			isa = XCBuildConfiguration;
			buildSettings = {
				BUNDLE_LOADER = "$(TEST_HOST)";
				FRAMEWORK_SEARCH_PATHS = (
					"$(SDKROOT)/Developer/Library/Frameworks",
					"$(inherited)",
				);
				INFOPLIST_FILE = FavoritePhotosTests/Info.plist;
				LD_RUNPATH_SEARCH_PATHS = "$(inherited) @executable_path/Frameworks @loader_path/Frameworks";
				PRODUCT_NAME = "$(TARGET_NAME)";
				TEST_HOST = "$(BUILT_PRODUCTS_DIR)/FavoritePhotos.app/FavoritePhotos";
			};
			name = Release;
		};
/* End XCBuildConfiguration section */

/* Begin XCConfigurationList section */
		1210AF8919F05F4900BBAC4B /* Build configuration list for PBXProject "FavoritePhotos" */ = {
			isa = XCConfigurationList;
			buildConfigurations = (
				1210AFAF19F05F4A00BBAC4B /* Debug */,
				1210AFB019F05F4A00BBAC4B /* Release */,
			);
			defaultConfigurationIsVisible = 0;
			defaultConfigurationName = Release;
		};
		1210AFB119F05F4A00BBAC4B /* Build configuration list for PBXNativeTarget "FavoritePhotos" */ = {
			isa = XCConfigurationList;
			buildConfigurations = (
				1210AFB219F05F4A00BBAC4B /* Debug */,
				1210AFB319F05F4A00BBAC4B /* Release */,
			);
			defaultConfigurationIsVisible = 0;
			defaultConfigurationName = Release;
		};
		1210AFB419F05F4A00BBAC4B /* Build configuration list for PBXNativeTarget "FavoritePhotosTests" */ = {
			isa = XCConfigurationList;
			buildConfigurations = (
				1210AFB519F05F4A00BBAC4B /* Debug */,
				1210AFB619F05F4A00BBAC4B /* Release */,
			);
			defaultConfigurationIsVisible = 0;
			defaultConfigurationName = Release;
		};
/* End XCConfigurationList section */
	};
	rootObject = 1210AF8619F05F4900BBAC4B /* Project object */;
}
